
Microsoft Visual Studio Solution File, Format Version 12.00
# Visual Studio Version 17
VisualStudioVersion = 17.5.002.0
MinimumVisualStudioVersion = 10.0.40219.1
Project("{2150E333-8FDC-42A3-9474-1A3956D46DE8}") = "Lesson_1_Introduction", "Lesson_1_Introduction", "{DE9F7254-10F8-4853-9E88-5CECC4783A57}"
EndProject
Project("{9A19103F-16F7-4668-BE54-9A1E7A4F7556}") = "Dz_task", "Lesson_1_Introduction\Dz_tas1\Dz_task.csproj", "{A8C81100-4F06-4E77-93A4-25D89C18C80B}"
EndProject
Project("{2150E333-8FDC-42A3-9474-1A3956D46DE8}") = "Lesson_2_Simple_Algorithms", "Lesson_2_Simple_Algorithms", "{912FB94D-E767-4F2F-B890-79BDB5CC8188}"
EndProject
Project("{9A19103F-16F7-4668-BE54-9A1E7A4F7556}") = "Dz_task", "Lesson_2_Simple_Algorithms\Dz_tas1\Dz_task.csproj", "{EA038C2B-08BA-4365-9725-0938A1C9FDA3}"
EndProject
Project("{9A19103F-16F7-4668-BE54-9A1E7A4F7556}") = "Dz_task2", "Lesson_2_Simple_Algorithms\Dz_task2\Dz_task2.csproj", "{BE5227FC-6C0A-46B0-9110-24921CBBFAE3}"
EndProject
Project("{9A19103F-16F7-4668-BE54-9A1E7A4F7556}") = "Dz_task3", "Lesson_2_Simple_Algorithms\Dz_task3\Dz_task3.csproj", "{7808FAFE-5DF9-4BA7-805E-E954EC96F4AB}"
EndProject
Project("{9A19103F-16F7-4668-BE54-9A1E7A4F7556}") = "Dz_task4", "Lesson_2_Simple_Algorithms\Dz_task4\Dz_task4.csproj", "{6EC85A9A-F0F6-4E18-81E8-4A0A5E30DEF8}"
EndProject
Project("{2150E333-8FDC-42A3-9474-1A3956D46DE8}") = "Lesson_3_Arrays", "Lesson_3_Arrays", "{4B66C623-0244-4C96-94D5-CA47EBAB749E}"
EndProject
Project("{9A19103F-16F7-4668-BE54-9A1E7A4F7556}") = "Dz_task", "Lesson_3_Arrays\Dz_tas1\Dz_task.csproj", "{B291FC0A-D534-4749-AC37-A4B5D11C55DC}"
EndProject
Project("{9A19103F-16F7-4668-BE54-9A1E7A4F7556}") = "Dz_task2", "Lesson_3_Arrays\Dz_task2\Dz_task2.csproj", "{2C4977D3-6634-4777-9F83-7512CC7A2AF7}"
EndProject
Project("{9A19103F-16F7-4668-BE54-9A1E7A4F7556}") = "Dz_task3", "Lesson_3_Arrays\Dz_task3\Dz_task3.csproj", "{D5433046-A9DE-442C-9E5F-A84DFFD9A8CD}"
EndProject
Project("{9A19103F-16F7-4668-BE54-9A1E7A4F7556}") = "Dz_task4", "Lesson_3_Arrays\Dz_task4\Dz_task4.csproj", "{4C4A6099-B0E2-49D7-B27A-C8F7B17469EF}"
EndProject
Project("{2150E333-8FDC-42A3-9474-1A3956D46DE8}") = "Lesson_4_Functions", "Lesson_4_Functions", "{CC350A43-328B-4B0C-AF04-86E1F33E641E}"
EndProject
Project("{9A19103F-16F7-4668-BE54-9A1E7A4F7556}") = "Dz_task", "Lesson_4_Functions\Dz_tas1\Dz_task.csproj", "{82A71BFE-B802-4F00-AACF-35B51BEEA399}"
EndProject
Global
	GlobalSection(SolutionConfigurationPlatforms) = preSolution
		Debug|Any CPU = Debug|Any CPU
		Release|Any CPU = Release|Any CPU
	EndGlobalSection
	GlobalSection(ProjectConfigurationPlatforms) = postSolution
		{A8C81100-4F06-4E77-93A4-25D89C18C80B}.Debug|Any CPU.ActiveCfg = Debug|Any CPU
		{A8C81100-4F06-4E77-93A4-25D89C18C80B}.Debug|Any CPU.Build.0 = Debug|Any CPU
		{A8C81100-4F06-4E77-93A4-25D89C18C80B}.Release|Any CPU.ActiveCfg = Release|Any CPU
		{A8C81100-4F06-4E77-93A4-25D89C18C80B}.Release|Any CPU.Build.0 = Release|Any CPU
		{EA038C2B-08BA-4365-9725-0938A1C9FDA3}.Debug|Any CPU.ActiveCfg = Debug|Any CPU
		{EA038C2B-08BA-4365-9725-0938A1C9FDA3}.Debug|Any CPU.Build.0 = Debug|Any CPU
		{EA038C2B-08BA-4365-9725-0938A1C9FDA3}.Release|Any CPU.ActiveCfg = Release|Any CPU
		{EA038C2B-08BA-4365-9725-0938A1C9FDA3}.Release|Any CPU.Build.0 = Release|Any CPU
		{BE5227FC-6C0A-46B0-9110-24921CBBFAE3}.Debug|Any CPU.ActiveCfg = Debug|Any CPU
		{BE5227FC-6C0A-46B0-9110-24921CBBFAE3}.Debug|Any CPU.Build.0 = Debug|Any CPU
		{BE5227FC-6C0A-46B0-9110-24921CBBFAE3}.Release|Any CPU.ActiveCfg = Release|Any CPU
		{BE5227FC-6C0A-46B0-9110-24921CBBFAE3}.Release|Any CPU.Build.0 = Release|Any CPU
		{7808FAFE-5DF9-4BA7-805E-E954EC96F4AB}.Debug|Any CPU.ActiveCfg = Debug|Any CPU
		{7808FAFE-5DF9-4BA7-805E-E954EC96F4AB}.Debug|Any CPU.Build.0 = Debug|Any CPU
		{7808FAFE-5DF9-4BA7-805E-E954EC96F4AB}.Release|Any CPU.ActiveCfg = Release|Any CPU
		{7808FAFE-5DF9-4BA7-805E-E954EC96F4AB}.Release|Any CPU.Build.0 = Release|Any CPU
		{6EC85A9A-F0F6-4E18-81E8-4A0A5E30DEF8}.Debug|Any CPU.ActiveCfg = Debug|Any CPU
		{6EC85A9A-F0F6-4E18-81E8-4A0A5E30DEF8}.Debug|Any CPU.Build.0 = Debug|Any CPU
		{6EC85A9A-F0F6-4E18-81E8-4A0A5E30DEF8}.Release|Any CPU.ActiveCfg = Release|Any CPU
		{6EC85A9A-F0F6-4E18-81E8-4A0A5E30DEF8}.Release|Any CPU.Build.0 = Release|Any CPU
		{B291FC0A-D534-4749-AC37-A4B5D11C55DC}.Debug|Any CPU.ActiveCfg = Debug|Any CPU
		{B291FC0A-D534-4749-AC37-A4B5D11C55DC}.Debug|Any CPU.Build.0 = Debug|Any CPU
		{B291FC0A-D534-4749-AC37-A4B5D11C55DC}.Release|Any CPU.ActiveCfg = Release|Any CPU
		{B291FC0A-D534-4749-AC37-A4B5D11C55DC}.Release|Any CPU.Build.0 = Release|Any CPU
		{2C4977D3-6634-4777-9F83-7512CC7A2AF7}.Debug|Any CPU.ActiveCfg = Debug|Any CPU
		{2C4977D3-6634-4777-9F83-7512CC7A2AF7}.Debug|Any CPU.Build.0 = Debug|Any CPU
		{2C4977D3-6634-4777-9F83-7512CC7A2AF7}.Release|Any CPU.ActiveCfg = Release|Any CPU
		{2C4977D3-6634-4777-9F83-7512CC7A2AF7}.Release|Any CPU.Build.0 = Release|Any CPU
		{D5433046-A9DE-442C-9E5F-A84DFFD9A8CD}.Debug|Any CPU.ActiveCfg = Debug|Any CPU
		{D5433046-A9DE-442C-9E5F-A84DFFD9A8CD}.Debug|Any CPU.Build.0 = Debug|Any CPU
		{D5433046-A9DE-442C-9E5F-A84DFFD9A8CD}.Release|Any CPU.ActiveCfg = Release|Any CPU
		{D5433046-A9DE-442C-9E5F-A84DFFD9A8CD}.Release|Any CPU.Build.0 = Release|Any CPU
		{4C4A6099-B0E2-49D7-B27A-C8F7B17469EF}.Debug|Any CPU.ActiveCfg = Debug|Any CPU
		{4C4A6099-B0E2-49D7-B27A-C8F7B17469EF}.Debug|Any CPU.Build.0 = Debug|Any CPU
		{4C4A6099-B0E2-49D7-B27A-C8F7B17469EF}.Release|Any CPU.ActiveCfg = Release|Any CPU
		{4C4A6099-B0E2-49D7-B27A-C8F7B17469EF}.Release|Any CPU.Build.0 = Release|Any CPU
		{82A71BFE-B802-4F00-AACF-35B51BEEA399}.Debug|Any CPU.ActiveCfg = Debug|Any CPU
		{82A71BFE-B802-4F00-AACF-35B51BEEA399}.Debug|Any CPU.Build.0 = Debug|Any CPU
		{82A71BFE-B802-4F00-AACF-35B51BEEA399}.Release|Any CPU.ActiveCfg = Release|Any CPU
		{82A71BFE-B802-4F00-AACF-35B51BEEA399}.Release|Any CPU.Build.0 = Release|Any CPU
	EndGlobalSection
	GlobalSection(SolutionProperties) = preSolution
		HideSolutionNode = FALSE
	EndGlobalSection
	GlobalSection(NestedProjects) = preSolution
		{A8C81100-4F06-4E77-93A4-25D89C18C80B} = {DE9F7254-10F8-4853-9E88-5CECC4783A57}
		{EA038C2B-08BA-4365-9725-0938A1C9FDA3} = {912FB94D-E767-4F2F-B890-79BDB5CC8188}
		{BE5227FC-6C0A-46B0-9110-24921CBBFAE3} = {912FB94D-E767-4F2F-B890-79BDB5CC8188}
		{7808FAFE-5DF9-4BA7-805E-E954EC96F4AB} = {912FB94D-E767-4F2F-B890-79BDB5CC8188}
		{6EC85A9A-F0F6-4E18-81E8-4A0A5E30DEF8} = {912FB94D-E767-4F2F-B890-79BDB5CC8188}
		{B291FC0A-D534-4749-AC37-A4B5D11C55DC} = {4B66C623-0244-4C96-94D5-CA47EBAB749E}
		{2C4977D3-6634-4777-9F83-7512CC7A2AF7} = {4B66C623-0244-4C96-94D5-CA47EBAB749E}
		{D5433046-A9DE-442C-9E5F-A84DFFD9A8CD} = {4B66C623-0244-4C96-94D5-CA47EBAB749E}
		{4C4A6099-B0E2-49D7-B27A-C8F7B17469EF} = {4B66C623-0244-4C96-94D5-CA47EBAB749E}
		{82A71BFE-B802-4F00-AACF-35B51BEEA399} = {CC350A43-328B-4B0C-AF04-86E1F33E641E}
	EndGlobalSection
	GlobalSection(ExtensibilityGlobals) = postSolution
		SolutionGuid = {E6141221-16E8-4AE3-8B69-B860EA205B88}
	EndGlobalSection
EndGlobal
